
Microsoft Visual Studio Solution File, Format Version 12.00
# Visual Studio Version 16
VisualStudioVersion = 16.0.30523.141
MinimumVisualStudioVersion = 10.0.40219.1
Project("{FAE04EC0-301F-11D3-BF4B-00C04F79EFBC}") = "WGU_C969", "WGU_C969.csproj", "{B7747D6A-10CF-4145-BCC7-4C8B7B232B3C}"
EndProject
Global
	GlobalSection(SolutionConfigurationPlatforms) = preSolution
		Debug|Any CPU = Debug|Any CPU
		Release|Any CPU = Release|Any CPU
	EndGlobalSection
	GlobalSection(ProjectConfigurationPlatforms) = postSolution
		{B7747D6A-10CF-4145-BCC7-4C8B7B232B3C}.Debug|Any CPU.ActiveCfg = Debug|Any CPU
		{B7747D6A-10CF-4145-BCC7-4C8B7B232B3C}.Debug|Any CPU.Build.0 = Debug|Any CPU
		{B7747D6A-10CF-4145-BCC7-4C8B7B232B3C}.Release|Any CPU.ActiveCfg = Release|Any CPU
		{B7747D6A-10CF-4145-BCC7-4C8B7B232B3C}.Release|Any CPU.Build.0 = Release|Any CPU
	EndGlobalSection
	GlobalSection(SolutionProperties) = preSolution
		HideSolutionNode = FALSE
	EndGlobalSection
	GlobalSection(ExtensibilityGlobals) = postSolution
		SolutionGuid = {F36861B4-292C-4D37-9CE4-9E84DDB7C2B3}
	EndGlobalSection
EndGlobal
